
Microsoft Visual Studio Solution File, Format Version 12.00
# Visual Studio Version 16
VisualStudioVersion = 16.0.29403.142
MinimumVisualStudioVersion = 10.0.40219.1
Project("{CC5FD16D-436D-48AD-A40C-5A424C6E3E79}") = "AzureCloudService1", "AzureCloudService1\AzureCloudService1.ccproj", "{81149085-97BE-4BFC-AC12-2EE7F1ED2508}"
EndProject
Project("{FAE04EC0-301F-11D3-BF4B-00C04F79EFBC}") = "WebRole1", "WebRole1\WebRole1.csproj", "{C40A3F1F-9D2C-4A8C-8C1D-9E761B4EFFED}"
EndProject
Project("{FAE04EC0-301F-11D3-BF4B-00C04F79EFBC}") = "WebRole1.Tests", "WebRole1.Tests\WebRole1.Tests.csproj", "{6015243B-C141-4C5C-A9DD-41D918858FB9}"
EndProject
Global
	GlobalSection(SolutionConfigurationPlatforms) = preSolution
		Debug|Any CPU = Debug|Any CPU
		Release|Any CPU = Release|Any CPU
	EndGlobalSection
	GlobalSection(ProjectConfigurationPlatforms) = postSolution
		{81149085-97BE-4BFC-AC12-2EE7F1ED2508}.Debug|Any CPU.ActiveCfg = Debug|Any CPU
		{81149085-97BE-4BFC-AC12-2EE7F1ED2508}.Debug|Any CPU.Build.0 = Debug|Any CPU
		{81149085-97BE-4BFC-AC12-2EE7F1ED2508}.Release|Any CPU.ActiveCfg = Release|Any CPU
		{81149085-97BE-4BFC-AC12-2EE7F1ED2508}.Release|Any CPU.Build.0 = Release|Any CPU
		{C40A3F1F-9D2C-4A8C-8C1D-9E761B4EFFED}.Debug|Any CPU.ActiveCfg = Debug|Any CPU
		{C40A3F1F-9D2C-4A8C-8C1D-9E761B4EFFED}.Debug|Any CPU.Build.0 = Debug|Any CPU
		{C40A3F1F-9D2C-4A8C-8C1D-9E761B4EFFED}.Release|Any CPU.ActiveCfg = Release|Any CPU
		{C40A3F1F-9D2C-4A8C-8C1D-9E761B4EFFED}.Release|Any CPU.Build.0 = Release|Any CPU
		{6015243B-C141-4C5C-A9DD-41D918858FB9}.Debug|Any CPU.ActiveCfg = Debug|Any CPU
		{6015243B-C141-4C5C-A9DD-41D918858FB9}.Debug|Any CPU.Build.0 = Debug|Any CPU
		{6015243B-C141-4C5C-A9DD-41D918858FB9}.Release|Any CPU.ActiveCfg = Release|Any CPU
		{6015243B-C141-4C5C-A9DD-41D918858FB9}.Release|Any CPU.Build.0 = Release|Any CPU
	EndGlobalSection
	GlobalSection(SolutionProperties) = preSolution
		HideSolutionNode = FALSE
	EndGlobalSection
	GlobalSection(ExtensibilityGlobals) = postSolution
		SolutionGuid = {6F52A038-7745-453B-9926-F558AFE664D5}
	EndGlobalSection
EndGlobal
